
Microsoft Visual Studio Solution File, Format Version 12.00
# Visual Studio Version 17
VisualStudioVersion = 17.14.36623.8 d17.14
MinimumVisualStudioVersion = 10.0.40219.1
Project("{FAE04EC0-301F-11D3-BF4B-00C04F79EFBC}") = "Uppgift 17 Dictionary case exercise", "Uppgift 17 Dictionary case exercise.csproj", "{24AE2EF8-9FDA-4406-973E-AC057C5E7C65}"
EndProject
Global
	GlobalSection(SolutionConfigurationPlatforms) = preSolution
		Debug|Any CPU = Debug|Any CPU
		Release|Any CPU = Release|Any CPU
	EndGlobalSection
	GlobalSection(ProjectConfigurationPlatforms) = postSolution
		{24AE2EF8-9FDA-4406-973E-AC057C5E7C65}.Debug|Any CPU.ActiveCfg = Debug|Any CPU
		{24AE2EF8-9FDA-4406-973E-AC057C5E7C65}.Debug|Any CPU.Build.0 = Debug|Any CPU
		{24AE2EF8-9FDA-4406-973E-AC057C5E7C65}.Release|Any CPU.ActiveCfg = Release|Any CPU
		{24AE2EF8-9FDA-4406-973E-AC057C5E7C65}.Release|Any CPU.Build.0 = Release|Any CPU
	EndGlobalSection
	GlobalSection(SolutionProperties) = preSolution
		HideSolutionNode = FALSE
	EndGlobalSection
	GlobalSection(ExtensibilityGlobals) = postSolution
		SolutionGuid = {6AD266BB-951B-482F-A1A0-FDBBE67414A7}
	EndGlobalSection
EndGlobal
