
Microsoft Visual Studio Solution File, Format Version 12.00
# Visual Studio Version 17
VisualStudioVersion = 17.14.36623.8 d17.14
MinimumVisualStudioVersion = 10.0.40219.1
Project("{FAE04EC0-301F-11D3-BF4B-00C04F79EFBC}") = "ReferenceParameters", "ReferenceParameters.csproj", "{300D3B68-75CE-4D94-91EB-8127B2932B5A}"
EndProject
Global
	GlobalSection(SolutionConfigurationPlatforms) = preSolution
		Debug|Any CPU = Debug|Any CPU
		Release|Any CPU = Release|Any CPU
	EndGlobalSection
	GlobalSection(ProjectConfigurationPlatforms) = postSolution
		{300D3B68-75CE-4D94-91EB-8127B2932B5A}.Debug|Any CPU.ActiveCfg = Debug|Any CPU
		{300D3B68-75CE-4D94-91EB-8127B2932B5A}.Debug|Any CPU.Build.0 = Debug|Any CPU
		{300D3B68-75CE-4D94-91EB-8127B2932B5A}.Release|Any CPU.ActiveCfg = Release|Any CPU
		{300D3B68-75CE-4D94-91EB-8127B2932B5A}.Release|Any CPU.Build.0 = Release|Any CPU
	EndGlobalSection
	GlobalSection(SolutionProperties) = preSolution
		HideSolutionNode = FALSE
	EndGlobalSection
	GlobalSection(ExtensibilityGlobals) = postSolution
		SolutionGuid = {6A6FE16A-1C21-4E44-93C8-85DAAE877159}
	EndGlobalSection
EndGlobal
