
Microsoft Visual Studio Solution File, Format Version 12.00
# Visual Studio Version 17
VisualStudioVersion = 17.14.36623.8 d17.14
MinimumVisualStudioVersion = 10.0.40219.1
Project("{FAE04EC0-301F-11D3-BF4B-00C04F79EFBC}") = "ClassProperties", "ClassProperties.csproj", "{3A81E995-28E6-489C-BCD2-33272E170572}"
EndProject
Global
	GlobalSection(SolutionConfigurationPlatforms) = preSolution
		Debug|Any CPU = Debug|Any CPU
		Release|Any CPU = Release|Any CPU
	EndGlobalSection
	GlobalSection(ProjectConfigurationPlatforms) = postSolution
		{3A81E995-28E6-489C-BCD2-33272E170572}.Debug|Any CPU.ActiveCfg = Debug|Any CPU
		{3A81E995-28E6-489C-BCD2-33272E170572}.Debug|Any CPU.Build.0 = Debug|Any CPU
		{3A81E995-28E6-489C-BCD2-33272E170572}.Release|Any CPU.ActiveCfg = Release|Any CPU
		{3A81E995-28E6-489C-BCD2-33272E170572}.Release|Any CPU.Build.0 = Release|Any CPU
	EndGlobalSection
	GlobalSection(SolutionProperties) = preSolution
		HideSolutionNode = FALSE
	EndGlobalSection
	GlobalSection(ExtensibilityGlobals) = postSolution
		SolutionGuid = {FFB6824F-2731-4158-92AC-982A1A16685B}
	EndGlobalSection
EndGlobal
